{
  "lockfile-version": 1,
  "manifest": {
    "version": 1,
    "install": {
      "cargo": {
        "pkg-path": "cargo",
        "pkg-group": "rust-toolchain"
      },
      "cargo-criterion": {
        "pkg-path": "cargo-criterion"
      },
      "cargo-flamegraph": {
        "pkg-path": "cargo-flamegraph"
      },
      "cargo-nextest": {
        "pkg-path": "cargo-nextest"
      },
      "clippy": {
        "pkg-path": "clippy",
        "pkg-group": "rust-toolchain"
      },
      "gcc": {
        "pkg-path": "gcc"
      },
      "hyperfine": {
        "pkg-path": "hyperfine"
      },
      "rust-analyzer": {
        "pkg-path": "rust-analyzer",
        "pkg-group": "rust-analyzer"
      },
      "rust-lib-src": {
        "pkg-path": "rustPlatform.rustLibSrc",
        "pkg-group": "rust-toolchain"
      },
      "rustc": {
        "pkg-path": "rustc",
        "pkg-group": "rust-toolchain"
      },
      "rustfmt": {
        "pkg-path": "rustfmt",
        "pkg-group": "rust-toolchain"
      },
      "valgrind": {
        "pkg-path": "valgrind"
      }
    },
    "vars": {
      "RUSTC_BOOTSTRAP": "1"
    },
    "hook": {},
    "profile": {},
    "options": {
      "systems": [
        "x86_64-linux"
      ],
      "allow": {
        "licenses": []
      },
      "semver": {}
    }
  },
  "packages": [
    {
      "attr_path": "rust-analyzer",
      "broken": false,
      "derivation": "/nix/store/dvcz70b2afyifxs9qqm50lv5yy3gyi1d-rust-analyzer-2024-11-11.drv",
      "description": "Modular compiler frontend for the Rust language",
      "install_id": "rust-analyzer",
      "license": "[ MIT, Apache-2.0 ]",
      "locked_url": "https://github.com/flox/nixpkgs?rev=d0797a04b81caeae77bcff10a9dde78bc17f5661",
      "name": "rust-analyzer-2024-11-11",
      "pname": "rust-analyzer",
      "rev": "d0797a04b81caeae77bcff10a9dde78bc17f5661",
      "rev_count": 717074,
      "rev_date": "2024-12-05T09:53:19Z",
      "scrape_date": "2024-12-07T04:05:05Z",
      "stabilities": [
        "unstable"
      ],
      "unfree": false,
      "version": "2024-11-11",
      "outputs_to_install": [
        "out"
      ],
      "outputs": {
        "out": "/nix/store/9jrl7mi9q0xbx6zc2clpia43967caniy-rust-analyzer-2024-11-11"
      },
      "system": "x86_64-linux",
      "group": "rust-analyzer",
      "priority": 5
    },
    {
      "attr_path": "cargo",
      "broken": false,
      "derivation": "/nix/store/xa8xhkibk81va51fa49fhy4cx6bypadq-cargo-1.82.0.drv",
      "description": "Downloads your Rust project's dependencies and builds your project",
      "install_id": "cargo",
      "license": "[ MIT, Apache-2.0 ]",
      "locked_url": "https://github.com/flox/nixpkgs?rev=d0797a04b81caeae77bcff10a9dde78bc17f5661",
      "name": "cargo-1.82.0",
      "pname": "cargo",
      "rev": "d0797a04b81caeae77bcff10a9dde78bc17f5661",
      "rev_count": 717074,
      "rev_date": "2024-12-05T09:53:19Z",
      "scrape_date": "2024-12-07T04:05:05Z",
      "stabilities": [
        "unstable"
      ],
      "unfree": false,
      "version": "1.82.0",
      "outputs_to_install": [
        "out"
      ],
      "outputs": {
        "out": "/nix/store/9113334r56fmi13i8j6k8r2x92ml3c6b-cargo-1.82.0"
      },
      "system": "x86_64-linux",
      "group": "rust-toolchain",
      "priority": 5
    },
    {
      "attr_path": "clippy",
      "broken": false,
      "derivation": "/nix/store/swxgm02gl0486mb92c3qpgvvnnnkcgc8-clippy-1.82.0.drv",
      "description": "Bunch of lints to catch common mistakes and improve your Rust code",
      "install_id": "clippy",
      "license": "[ MIT, Apache-2.0 ]",
      "locked_url": "https://github.com/flox/nixpkgs?rev=d0797a04b81caeae77bcff10a9dde78bc17f5661",
      "name": "clippy-1.82.0",
      "pname": "clippy",
      "rev": "d0797a04b81caeae77bcff10a9dde78bc17f5661",
      "rev_count": 717074,
      "rev_date": "2024-12-05T09:53:19Z",
      "scrape_date": "2024-12-07T04:05:05Z",
      "stabilities": [
        "unstable"
      ],
      "unfree": false,
      "version": "1.82.0",
      "outputs_to_install": [
        "out"
      ],
      "outputs": {
        "debug": "/nix/store/1ix76n9nk7awakjfxb5s1fad6h9cjykg-clippy-1.82.0-debug",
        "out": "/nix/store/79ny5hcmwbx9kjjsyd9bpq334yvz2l83-clippy-1.82.0"
      },
      "system": "x86_64-linux",
      "group": "rust-toolchain",
      "priority": 5
    },
    {
      "attr_path": "rustPlatform.rustLibSrc",
      "broken": false,
      "derivation": "/nix/store/x14gjmw55d9nllww2h6nry6m91jsnddi-rust-lib-src.drv",
      "install_id": "rust-lib-src",
      "locked_url": "https://github.com/flox/nixpkgs?rev=d0797a04b81caeae77bcff10a9dde78bc17f5661",
      "name": "rust-lib-src",
      "pname": "rustLibSrc",
      "rev": "d0797a04b81caeae77bcff10a9dde78bc17f5661",
      "rev_count": 717074,
      "rev_date": "2024-12-05T09:53:19Z",
      "scrape_date": "2024-12-07T04:05:05Z",
      "stabilities": [
        "unstable"
      ],
      "unfree": false,
      "version": "rust-lib-src",
      "outputs_to_install": [
        "out"
      ],
      "outputs": {
        "out": "/nix/store/f2lfk2i5hq662f0l0bda7vp3ffvrxxdw-rust-lib-src"
      },
      "system": "x86_64-linux",
      "group": "rust-toolchain",
      "priority": 5
    },
    {
      "attr_path": "rustc",
      "broken": false,
      "derivation": "/nix/store/4ws9y68a1ga9nk6pr8zyb80vqnkqajix-rustc-wrapper-1.82.0.drv",
      "description": "Safe, concurrent, practical language (wrapper script)",
      "install_id": "rustc",
      "license": "[ MIT, Apache-2.0 ]",
      "locked_url": "https://github.com/flox/nixpkgs?rev=d0797a04b81caeae77bcff10a9dde78bc17f5661",
      "name": "rustc-wrapper-1.82.0",
      "pname": "rustc",
      "rev": "d0797a04b81caeae77bcff10a9dde78bc17f5661",
      "rev_count": 717074,
      "rev_date": "2024-12-05T09:53:19Z",
      "scrape_date": "2024-12-07T04:05:05Z",
      "stabilities": [
        "unstable"
      ],
      "unfree": false,
      "version": "wrapper-1.82.0",
      "outputs_to_install": [
        "out",
        "man"
      ],
      "outputs": {
        "doc": "/nix/store/8ifmhvyz946xfpwsgp7rgfhm23c3mi84-rustc-wrapper-1.82.0-doc",
        "man": "/nix/store/hl5h9x0x1i4vgzr4phbdk1s29hav8z75-rustc-wrapper-1.82.0-man",
        "out": "/nix/store/rkj4nka0cyjnap3l6x2xbgv48fwm2yq1-rustc-wrapper-1.82.0"
      },
      "system": "x86_64-linux",
      "group": "rust-toolchain",
      "priority": 5
    },
    {
      "attr_path": "rustfmt",
      "broken": false,
      "derivation": "/nix/store/dijpa0qcafx3sh0fbf239mzfzi3dr3c8-rustfmt-1.82.0.drv",
      "description": "Tool for formatting Rust code according to style guidelines",
      "install_id": "rustfmt",
      "license": "[ MIT, Apache-2.0 ]",
      "locked_url": "https://github.com/flox/nixpkgs?rev=d0797a04b81caeae77bcff10a9dde78bc17f5661",
      "name": "rustfmt-1.82.0",
      "pname": "rustfmt",
      "rev": "d0797a04b81caeae77bcff10a9dde78bc17f5661",
      "rev_count": 717074,
      "rev_date": "2024-12-05T09:53:19Z",
      "scrape_date": "2024-12-07T04:05:05Z",
      "stabilities": [
        "unstable"
      ],
      "unfree": false,
      "version": "1.82.0",
      "outputs_to_install": [
        "out"
      ],
      "outputs": {
        "out": "/nix/store/hdihpwxrm879kibp9wih893yhbsaqsh1-rustfmt-1.82.0"
      },
      "system": "x86_64-linux",
      "group": "rust-toolchain",
      "priority": 5
    },
    {
      "attr_path": "cargo-criterion",
      "broken": false,
      "derivation": "/nix/store/5wrjw8wb1rcibaqqkf9adgiwrppwf5ij-cargo-criterion-1.1.0.drv",
      "description": "Cargo extension for running Criterion.rs benchmarks",
      "install_id": "cargo-criterion",
      "license": "[ Apache-2.0, MIT ]",
      "locked_url": "https://github.com/flox/nixpkgs?rev=d0797a04b81caeae77bcff10a9dde78bc17f5661",
      "name": "cargo-criterion-1.1.0",
      "pname": "cargo-criterion",
      "rev": "d0797a04b81caeae77bcff10a9dde78bc17f5661",
      "rev_count": 717074,
      "rev_date": "2024-12-05T09:53:19Z",
      "scrape_date": "2024-12-07T04:05:05Z",
      "stabilities": [
        "unstable"
      ],
      "unfree": false,
      "version": "1.1.0",
      "outputs_to_install": [
        "out"
      ],
      "outputs": {
        "out": "/nix/store/kdmx1dgmv2zzakgmrflkbairn9ydf8lh-cargo-criterion-1.1.0"
      },
      "system": "x86_64-linux",
      "group": "toplevel",
      "priority": 5
    },
    {
      "attr_path": "cargo-flamegraph",
      "broken": false,
      "derivation": "/nix/store/n8qmjzd4nd8pxpaaakai37mvrd88rzs3-cargo-flamegraph-0.6.5.drv",
      "description": "Easy flamegraphs for Rust projects and everything else, without Perl or pipes <3",
      "install_id": "cargo-flamegraph",
      "license": "[ Apache-2.0, MIT ]",
      "locked_url": "https://github.com/flox/nixpkgs?rev=d0797a04b81caeae77bcff10a9dde78bc17f5661",
      "name": "cargo-flamegraph-0.6.5",
      "pname": "cargo-flamegraph",
      "rev": "d0797a04b81caeae77bcff10a9dde78bc17f5661",
      "rev_count": 717074,
      "rev_date": "2024-12-05T09:53:19Z",
      "scrape_date": "2024-12-07T04:05:05Z",
      "stabilities": [
        "unstable"
      ],
      "unfree": false,
      "version": "0.6.5",
      "outputs_to_install": [
        "out"
      ],
      "outputs": {
        "out": "/nix/store/59zf0nvq5ma3sm9m87y43i2rc2z0750n-cargo-flamegraph-0.6.5"
      },
      "system": "x86_64-linux",
      "group": "toplevel",
      "priority": 5
    },
    {
      "attr_path": "cargo-nextest",
      "broken": false,
      "derivation": "/nix/store/z15d68q94dh9038yp4swnz1axrgcj97m-cargo-nextest-0.9.82.drv",
      "description": "Next-generation test runner for Rust projects",
      "install_id": "cargo-nextest",
      "license": "[ MIT, Apache-2.0 ]",
      "locked_url": "https://github.com/flox/nixpkgs?rev=d0797a04b81caeae77bcff10a9dde78bc17f5661",
      "name": "cargo-nextest-0.9.82",
      "pname": "cargo-nextest",
      "rev": "d0797a04b81caeae77bcff10a9dde78bc17f5661",
      "rev_count": 717074,
      "rev_date": "2024-12-05T09:53:19Z",
      "scrape_date": "2024-12-07T04:05:05Z",
      "stabilities": [
        "unstable"
      ],
      "unfree": false,
      "version": "0.9.82",
      "outputs_to_install": [
        "out"
      ],
      "outputs": {
        "out": "/nix/store/yg56rawm2p3km6k0srxr8gmrjywh458q-cargo-nextest-0.9.82"
      },
      "system": "x86_64-linux",
      "group": "toplevel",
      "priority": 5
    },
    {
      "attr_path": "gcc",
      "broken": false,
      "derivation": "/nix/store/zrp1z93l9cj9ia4n6s9cfs0f3s37r8v1-gcc-wrapper-13.3.0.drv",
      "description": "GNU Compiler Collection, version 13.3.0 (wrapper script)",
      "install_id": "gcc",
      "license": "GPL-3.0-or-later",
      "locked_url": "https://github.com/flox/nixpkgs?rev=d0797a04b81caeae77bcff10a9dde78bc17f5661",
      "name": "gcc-wrapper-13.3.0",
      "pname": "gcc",
      "rev": "d0797a04b81caeae77bcff10a9dde78bc17f5661",
      "rev_count": 717074,
      "rev_date": "2024-12-05T09:53:19Z",
      "scrape_date": "2024-12-07T04:05:05Z",
      "stabilities": [
        "unstable"
      ],
      "unfree": false,
      "version": "wrapper-13.3.0",
      "outputs_to_install": [
        "out",
        "man"
      ],
      "outputs": {
        "info": "/nix/store/nhjmrmkzyqsff9maxrl0pskqbizpqikz-gcc-wrapper-13.3.0-info",
        "man": "/nix/store/g6dl0niwffyhk1l59r4zxv94fklx7ijg-gcc-wrapper-13.3.0-man",
        "out": "/nix/store/4apajimszc47rxwcpvc3g3rj2icinl71-gcc-wrapper-13.3.0"
      },
      "system": "x86_64-linux",
      "group": "toplevel",
      "priority": 5
    },
    {
      "attr_path": "hyperfine",
      "broken": false,
      "derivation": "/nix/store/ilwjw4rdmppn6snv9ib15fcnvpwz0jsz-hyperfine-1.19.0.drv",
      "description": "Command-line benchmarking tool",
      "install_id": "hyperfine",
      "license": "[ Apache-2.0, MIT ]",
      "locked_url": "https://github.com/flox/nixpkgs?rev=d0797a04b81caeae77bcff10a9dde78bc17f5661",
      "name": "hyperfine-1.19.0",
      "pname": "hyperfine",
      "rev": "d0797a04b81caeae77bcff10a9dde78bc17f5661",
      "rev_count": 717074,
      "rev_date": "2024-12-05T09:53:19Z",
      "scrape_date": "2024-12-07T04:05:05Z",
      "stabilities": [
        "unstable"
      ],
      "unfree": false,
      "version": "1.19.0",
      "outputs_to_install": [
        "out"
      ],
      "outputs": {
        "out": "/nix/store/dihrj54fm4ng29lh9rz7jhgv9f48k0bl-hyperfine-1.19.0"
      },
      "system": "x86_64-linux",
      "group": "toplevel",
      "priority": 5
    },
    {
      "attr_path": "valgrind",
      "broken": false,
      "derivation": "/nix/store/x5g91d41vqdk3lfvfy2b0h5a27adw0mc-valgrind-3.23.0.drv",
      "description": "Debugging and profiling tool suite",
      "install_id": "valgrind",
      "license": "GPL-2.0-or-later",
      "locked_url": "https://github.com/flox/nixpkgs?rev=d0797a04b81caeae77bcff10a9dde78bc17f5661",
      "name": "valgrind-3.23.0",
      "pname": "valgrind",
      "rev": "d0797a04b81caeae77bcff10a9dde78bc17f5661",
      "rev_count": 717074,
      "rev_date": "2024-12-05T09:53:19Z",
      "scrape_date": "2024-12-07T04:05:05Z",
      "stabilities": [
        "unstable"
      ],
      "unfree": false,
      "version": "3.23.0",
      "outputs_to_install": [
        "out",
        "man"
      ],
      "outputs": {
        "debug": "/nix/store/gck4migchg8ij5dj0iaanqd288m7jpp5-valgrind-3.23.0-debug",
        "dev": "/nix/store/clsap5mxps6q94qxv7552llf2x0sfpha-valgrind-3.23.0-dev",
        "doc": "/nix/store/wmp6gl8lz1nsrrs40jmbsqk492nxhp8z-valgrind-3.23.0-doc",
        "man": "/nix/store/a21yx46acganbcm0czlp5wj8c1zvy7cy-valgrind-3.23.0-man",
        "out": "/nix/store/jlcmn1sc1k1ryzk2lzxs3af4m1ghmdy6-valgrind-3.23.0"
      },
      "system": "x86_64-linux",
      "group": "toplevel",
      "priority": 5
    }
  ]
}